
Microsoft Visual Studio Solution File, Format Version 12.00
# Visual Studio Version 17
VisualStudioVersion = 17.5.33530.505
MinimumVisualStudioVersion = 10.0.40219.1
Project("{2150E333-8FDC-42A3-9474-1A3956D46DE8}") = "CLIENT", "CLIENT", "{9E820375-DE78-4A5A-B921-F2041DF0CEC7}"
EndProject
Project("{9A19103F-16F7-4668-BE54-9A1E7A4F7556}") = "TeacherApp", "TeacherApp\TeacherApp.csproj", "{2617F7D8-4077-4480-A968-3E3B99B1DFB1}"
EndProject
Project("{9A19103F-16F7-4668-BE54-9A1E7A4F7556}") = "UniversityContracts", "UniversityContracts\UniversityContracts.csproj", "{27CD559A-1A99-417D-8DB7-EF03E00341EF}"
EndProject
Global
	GlobalSection(SolutionConfigurationPlatforms) = preSolution
		Debug|Any CPU = Debug|Any CPU
		Release|Any CPU = Release|Any CPU
	EndGlobalSection
	GlobalSection(ProjectConfigurationPlatforms) = postSolution
		{2617F7D8-4077-4480-A968-3E3B99B1DFB1}.Debug|Any CPU.ActiveCfg = Debug|Any CPU
		{2617F7D8-4077-4480-A968-3E3B99B1DFB1}.Debug|Any CPU.Build.0 = Debug|Any CPU
		{2617F7D8-4077-4480-A968-3E3B99B1DFB1}.Release|Any CPU.ActiveCfg = Release|Any CPU
		{2617F7D8-4077-4480-A968-3E3B99B1DFB1}.Release|Any CPU.Build.0 = Release|Any CPU
		{27CD559A-1A99-417D-8DB7-EF03E00341EF}.Debug|Any CPU.ActiveCfg = Debug|Any CPU
		{27CD559A-1A99-417D-8DB7-EF03E00341EF}.Debug|Any CPU.Build.0 = Debug|Any CPU
		{27CD559A-1A99-417D-8DB7-EF03E00341EF}.Release|Any CPU.ActiveCfg = Release|Any CPU
		{27CD559A-1A99-417D-8DB7-EF03E00341EF}.Release|Any CPU.Build.0 = Release|Any CPU
	EndGlobalSection
	GlobalSection(SolutionProperties) = preSolution
		HideSolutionNode = FALSE
	EndGlobalSection
	GlobalSection(NestedProjects) = preSolution
		{2617F7D8-4077-4480-A968-3E3B99B1DFB1} = {9E820375-DE78-4A5A-B921-F2041DF0CEC7}
		{27CD559A-1A99-417D-8DB7-EF03E00341EF} = {9E820375-DE78-4A5A-B921-F2041DF0CEC7}
	EndGlobalSection
	GlobalSection(ExtensibilityGlobals) = postSolution
		SolutionGuid = {E4270942-BE01-4279-B5D2-2D822F73D05E}
	EndGlobalSection
EndGlobal
